
Microsoft Visual Studio Solution File, Format Version 12.00
# Visual Studio Version 17
VisualStudioVersion = 17.3.32811.315
MinimumVisualStudioVersion = 10.0.40219.1
Project("{9A19103F-16F7-4668-BE54-9A1E7A4F7556}") = "Menu_At_A_Restaurant", "Menu_At_A_Restaurant.csproj", "{3850B27E-04E3-4058-8283-EA5C68A44CFC}"
EndProject
Global
	GlobalSection(SolutionConfigurationPlatforms) = preSolution
		Debug|Any CPU = Debug|Any CPU
		Release|Any CPU = Release|Any CPU
	EndGlobalSection
	GlobalSection(ProjectConfigurationPlatforms) = postSolution
		{3850B27E-04E3-4058-8283-EA5C68A44CFC}.Debug|Any CPU.ActiveCfg = Debug|Any CPU
		{3850B27E-04E3-4058-8283-EA5C68A44CFC}.Debug|Any CPU.Build.0 = Debug|Any CPU
		{3850B27E-04E3-4058-8283-EA5C68A44CFC}.Release|Any CPU.ActiveCfg = Release|Any CPU
		{3850B27E-04E3-4058-8283-EA5C68A44CFC}.Release|Any CPU.Build.0 = Release|Any CPU
	EndGlobalSection
	GlobalSection(SolutionProperties) = preSolution
		HideSolutionNode = FALSE
	EndGlobalSection
	GlobalSection(ExtensibilityGlobals) = postSolution
		SolutionGuid = {9F570409-F52F-4B19-9D2D-6F1D29784714}
	EndGlobalSection
EndGlobal
